
Microsoft Visual Studio Solution File, Format Version 12.00
# Visual Studio 15
VisualStudioVersion = 15.0.26730.16
MinimumVisualStudioVersion = 10.0.40219.1
Project("{FAE04EC0-301F-11D3-BF4B-00C04F79EFBC}") = "bp", "bp\bp.csproj", "{668C21A3-BCEF-4F40-905D-05B2F2CAD30F}"
EndProject
Global
	GlobalSection(SolutionConfigurationPlatforms) = preSolution
		Debug|Any CPU = Debug|Any CPU
		Release|Any CPU = Release|Any CPU
	EndGlobalSection
	GlobalSection(ProjectConfigurationPlatforms) = postSolution
		{668C21A3-BCEF-4F40-905D-05B2F2CAD30F}.Debug|Any CPU.ActiveCfg = Debug|Any CPU
		{668C21A3-BCEF-4F40-905D-05B2F2CAD30F}.Debug|Any CPU.Build.0 = Debug|Any CPU
		{668C21A3-BCEF-4F40-905D-05B2F2CAD30F}.Release|Any CPU.ActiveCfg = Release|Any CPU
		{668C21A3-BCEF-4F40-905D-05B2F2CAD30F}.Release|Any CPU.Build.0 = Release|Any CPU
	EndGlobalSection
	GlobalSection(SolutionProperties) = preSolution
		HideSolutionNode = FALSE
	EndGlobalSection
	GlobalSection(ExtensibilityGlobals) = postSolution
		SolutionGuid = {B2748485-E45E-4105-83FC-A3436D0ACE1A}
	EndGlobalSection
EndGlobal
